// !$*UTF8*$!
{
	archiveVersion = 1;
	classes = {
	};
	objectVersion = 50;
	objects = {

/* Begin PBXBuildFile section */
		577316BA207DB023000292C5 /* Main.storyboard in Resources */ = {isa = PBXBuildFile; fileRef = 577316B9207DB022000292C5 /* Main.storyboard */; };
		57841E32207C512B00E409CC /* TabBarController.m in Sources */ = {isa = PBXBuildFile; fileRef = 57841E31207C512B00E409CC /* TabBarController.m */; };
		57841E35207C540900E409CC /* TabBar.m in Sources */ = {isa = PBXBuildFile; fileRef = 57841E34207C540900E409CC /* TabBar.m */; };
		57F854D0207C4E2400E65CF7 /* AppDelegate.m in Sources */ = {isa = PBXBuildFile; fileRef = 57F854CF207C4E2400E65CF7 /* AppDelegate.m */; };
		57F854D8207C4E2700E65CF7 /* Assets.xcassets in Resources */ = {isa = PBXBuildFile; fileRef = 57F854D7207C4E2700E65CF7 /* Assets.xcassets */; };
		57F854DB207C4E2700E65CF7 /* LaunchScreen.storyboard in Resources */ = {isa = PBXBuildFile; fileRef = 57F854D9207C4E2700E65CF7 /* LaunchScreen.storyboard */; };
		57F854DE207C4E2700E65CF7 /* main.m in Sources */ = {isa = PBXBuildFile; fileRef = 57F854DD207C4E2700E65CF7 /* main.m */; };
/* End PBXBuildFile section */

/* Begin PBXFileReference section */
		577316B9207DB022000292C5 /* Main.storyboard */ = {isa = PBXFileReference; fileEncoding = 4; lastKnownFileType = file.storyboard; path = Main.storyboard; sourceTree = "<group>"; };
		57841E30207C512B00E409CC /* TabBarController.h */ = {isa = PBXFileReference; lastKnownFileType = sourcecode.c.h; path = TabBarController.h; sourceTree = "<group>"; };
		57841E31207C512B00E409CC /* TabBarController.m */ = {isa = PBXFileReference; lastKnownFileType = sourcecode.c.objc; path = TabBarController.m; sourceTree = "<group>"; };
		57841E33207C540900E409CC /* TabBar.h */ = {isa = PBXFileReference; lastKnownFileType = sourcecode.c.h; path = TabBar.h; sourceTree = "<group>"; };
		57841E34207C540900E409CC /* TabBar.m */ = {isa = PBXFileReference; lastKnownFileType = sourcecode.c.objc; path = TabBar.m; sourceTree = "<group>"; };
		57F854CB207C4E2400E65CF7 /* Animated Icon.app */ = {isa = PBXFileReference; explicitFileType = wrapper.application; includeInIndex = 0; path = "Animated Icon.app"; sourceTree = BUILT_PRODUCTS_DIR; };
		57F854CE207C4E2400E65CF7 /* AppDelegate.h */ = {isa = PBXFileReference; lastKnownFileType = sourcecode.c.h; path = AppDelegate.h; sourceTree = "<group>"; };
		57F854CF207C4E2400E65CF7 /* AppDelegate.m */ = {isa = PBXFileReference; lastKnownFileType = sourcecode.c.objc; path = AppDelegate.m; sourceTree = "<group>"; };
		57F854D7207C4E2700E65CF7 /* Assets.xcassets */ = {isa = PBXFileReference; lastKnownFileType = folder.assetcatalog; path = Assets.xcassets; sourceTree = "<group>"; };
		57F854DA207C4E2700E65CF7 /* Base */ = {isa = PBXFileReference; lastKnownFileType = file.storyboard; name = Base; path = Base.lproj/LaunchScreen.storyboard; sourceTree = "<group>"; };
		57F854DC207C4E2700E65CF7 /* Info.plist */ = {isa = PBXFileReference; lastKnownFileType = text.plist.xml; path = Info.plist; sourceTree = "<group>"; };
		57F854DD207C4E2700E65CF7 /* main.m */ = {isa = PBXFileReference; lastKnownFileType = sourcecode.c.objc; path = main.m; sourceTree = "<group>"; };
/* End PBXFileReference section */

/* Begin PBXFrameworksBuildPhase section */
		57F854C8207C4E2400E65CF7 /* Frameworks */ = {
			isa = PBXFrameworksBuildPhase;
			buildActionMask = 2147483647;
			files = (
			);
			runOnlyForDeploymentPostprocessing = 0;
		};
/* End PBXFrameworksBuildPhase section */

/* Begin PBXGroup section */
		57F854C2207C4E2400E65CF7 = {
			isa = PBXGroup;
			children = (
				57F854CD207C4E2400E65CF7 /* Animated Icon */,
				57F854CC207C4E2400E65CF7 /* Products */,
			);
			sourceTree = "<group>";
		};
		57F854CC207C4E2400E65CF7 /* Products */ = {
			isa = PBXGroup;
			children = (
				57F854CB207C4E2400E65CF7 /* Animated Icon.app */,
			);
			name = Products;
			sourceTree = "<group>";
		};
		57F854CD207C4E2400E65CF7 /* Animated Icon */ = {
			isa = PBXGroup;
			children = (
				57F854CE207C4E2400E65CF7 /* AppDelegate.h */,
				57F854CF207C4E2400E65CF7 /* AppDelegate.m */,
				57841E30207C512B00E409CC /* TabBarController.h */,
				57841E31207C512B00E409CC /* TabBarController.m */,
				57841E33207C540900E409CC /* TabBar.h */,
				57841E34207C540900E409CC /* TabBar.m */,
				577316B9207DB022000292C5 /* Main.storyboard */,
				57F854D7207C4E2700E65CF7 /* Assets.xcassets */,
				57F854D9207C4E2700E65CF7 /* LaunchScreen.storyboard */,
				57F854DC207C4E2700E65CF7 /* Info.plist */,
				57F854DD207C4E2700E65CF7 /* main.m */,
			);
			path = "Animated Icon";
			sourceTree = "<group>";
		};
/* End PBXGroup section */

/* Begin PBXNativeTarget section */
		57F854CA207C4E2400E65CF7 /* Animated Icon */ = {
			isa = PBXNativeTarget;
			buildConfigurationList = 57F854E1207C4E2700E65CF7 /* Build configuration list for PBXNativeTarget "Animated Icon" */;
			buildPhases = (
				57F854C7207C4E2400E65CF7 /* Sources */,
				57F854C8207C4E2400E65CF7 /* Frameworks */,
				57F854C9207C4E2400E65CF7 /* Resources */,
			);
			buildRules = (
			);
			dependencies = (
			);
			name = "Animated Icon";
			productName = "Animated Icon";
			productReference = 57F854CB207C4E2400E65CF7 /* Animated Icon.app */;
			productType = "com.apple.product-type.application";
		};
/* End PBXNativeTarget section */

/* Begin PBXProject section */
		57F854C3207C4E2400E65CF7 /* Project object */ = {
			isa = PBXProject;
			attributes = {
				LastUpgradeCheck = 0930;
				ORGANIZATIONNAME = Ssky;
				TargetAttributes = {
					57F854CA207C4E2400E65CF7 = {
						CreatedOnToolsVersion = 9.3;
					};
				};
			};
			buildConfigurationList = 57F854C6207C4E2400E65CF7 /* Build configuration list for PBXProject "Animated Icon" */;
			compatibilityVersion = "Xcode 9.3";
			developmentRegion = en;
			hasScannedForEncodings = 0;
			knownRegions = (
				en,
				Base,
			);
			mainGroup = 57F854C2207C4E2400E65CF7;
			productRefGroup = 57F854CC207C4E2400E65CF7 /* Products */;
			projectDirPath = "";
			projectRoot = "";
			targets = (
				57F854CA207C4E2400E65CF7 /* Animated Icon */,
			);
		};
/* End PBXProject section */

/* Begin PBXResourcesBuildPhase section */
		57F854C9207C4E2400E65CF7 /* Resources */ = {
			isa = PBXResourcesBuildPhase;
			buildActionMask = 2147483647;
			files = (
				577316BA207DB023000292C5 /* Main.storyboard in Resources */,
				57F854DB207C4E2700E65CF7 /* LaunchScreen.storyboard in Resources */,
				57F854D8207C4E2700E65CF7 /* Assets.xcassets in Resources */,
			);
			runOnlyForDeploymentPostprocessing = 0;
		};
/* End PBXResourcesBuildPhase section */

/* Begin PBXSourcesBuildPhase section */
		57F854C7207C4E2400E65CF7 /* Sources */ = {
			isa = PBXSourcesBuildPhase;
			buildActionMask = 2147483647;
			files = (
				57841E35207C540900E409CC /* TabBar.m in Sources */,
				57841E32207C512B00E409CC /* TabBarController.m in Sources */,
				57F854DE207C4E2700E65CF7 /* main.m in Sources */,
				57F854D0207C4E2400E65CF7 /* AppDelegate.m in Sources */,
			);
			runOnlyForDeploymentPostprocessing = 0;
		};
/* End PBXSourcesBuildPhase section */

/* Begin PBXVariantGroup section */
		57F854D9207C4E2700E65CF7 /* LaunchScreen.storyboard */ = {
			isa = PBXVariantGroup;
			children = (
				57F854DA207C4E2700E65CF7 /* Base */,
			);
			name = LaunchScreen.storyboard;
			sourceTree = "<group>";
		};
/* End PBXVariantGroup section */

/* Begin XCBuildConfiguration section */
		57F854DF207C4E2700E65CF7 /* Debug */ = {
			isa = XCBuildConfiguration;
			buildSettings = {
				ALWAYS_SEARCH_USER_PATHS = NO;
				CLANG_ANALYZER_NONNULL = YES;
				CLANG_ANALYZER_NUMBER_OBJECT_CONVERSION = YES_AGGRESSIVE;
				CLANG_CXX_LANGUAGE_STANDARD = "gnu++14";
				CLANG_CXX_LIBRARY = "libc++";
				CLANG_ENABLE_MODULES = YES;
				CLANG_ENABLE_OBJC_ARC = YES;
				CLANG_ENABLE_OBJC_WEAK = YES;
				CLANG_WARN_BLOCK_CAPTURE_AUTORELEASING = YES;
				CLANG_WARN_BOOL_CONVERSION = YES;
				CLANG_WARN_COMMA = YES;
				CLANG_WARN_CONSTANT_CONVERSION = YES;
				CLANG_WARN_DEPRECATED_OBJC_IMPLEMENTATIONS = YES;
				CLANG_WARN_DIRECT_OBJC_ISA_USAGE = YES_ERROR;
				CLANG_WARN_DOCUMENTATION_COMMENTS = YES;
				CLANG_WARN_EMPTY_BODY = YES;
				CLANG_WARN_ENUM_CONVERSION = YES;
				CLANG_WARN_INFINITE_RECURSION = YES;
				CLANG_WARN_INT_CONVERSION = YES;
				CLANG_WARN_NON_LITERAL_NULL_CONVERSION = YES;
				CLANG_WARN_OBJC_IMPLICIT_RETAIN_SELF = YES;
				CLANG_WARN_OBJC_LITERAL_CONVERSION = YES;
				CLANG_WARN_OBJC_ROOT_CLASS = YES_ERROR;
				CLANG_WARN_RANGE_LOOP_ANALYSIS = YES;
				CLANG_WARN_STRICT_PROTOTYPES = YES;
				CLANG_WARN_SUSPICIOUS_MOVE = YES;
				CLANG_WARN_UNGUARDED_AVAILABILITY = YES_AGGRESSIVE;
				CLANG_WARN_UNREACHABLE_CODE = YES;
				CLANG_WARN__DUPLICATE_METHOD_MATCH = YES;
				CODE_SIGN_IDENTITY = "iPhone Developer";
				COPY_PHASE_STRIP = NO;
				DEBUG_INFORMATION_FORMAT = dwarf;
				ENABLE_STRICT_OBJC_MSGSEND = YES;
				ENABLE_TESTABILITY = YES;
				GCC_C_LANGUAGE_STANDARD = gnu11;
				GCC_DYNAMIC_NO_PIC = NO;
				GCC_NO_COMMON_BLOCKS = YES;
				GCC_OPTIMIZATION_LEVEL = 0;
				GCC_PREPROCESSOR_DEFINITIONS = (
					"DEBUG=1",
					"$(inherited)",
				);
				GCC_WARN_64_TO_32_BIT_CONVERSION = YES;
				GCC_WARN_ABOUT_RETURN_TYPE = YES_ERROR;
				GCC_WARN_UNDECLARED_SELECTOR = YES;
				GCC_WARN_UNINITIALIZED_AUTOS = YES_AGGRESSIVE;
				GCC_WARN_UNUSED_FUNCTION = YES;
				GCC_WARN_UNUSED_VARIABLE = YES;
				IPHONEOS_DEPLOYMENT_TARGET = 11.3;
				MTL_ENABLE_DEBUG_INFO = YES;
				ONLY_ACTIVE_ARCH = YES;
				SDKROOT = iphoneos;
			};
			name = Debug;
		};
		57F854E0207C4E2700E65CF7 /* Release */ = {
			isa = XCBuildConfiguration;
			buildSettings = {
				ALWAYS_SEARCH_USER_PATHS = NO;
				CLANG_ANALYZER_NONNULL = YES;
				CLANG_ANALYZER_NUMBER_OBJECT_CONVERSION = YES_AGGRESSIVE;
				CLANG_CXX_LANGUAGE_STANDARD = "gnu++14";
				CLANG_CXX_LIBRARY = "libc++";
				CLANG_ENABLE_MODULES = YES;
				CLANG_ENABLE_OBJC_ARC = YES;
				CLANG_ENABLE_OBJC_WEAK = YES;
				CLANG_WARN_BLOCK_CAPTURE_AUTORELEASING = YES;
				CLANG_WARN_BOOL_CONVERSION = YES;
				CLANG_WARN_COMMA = YES;
				CLANG_WARN_CONSTANT_CONVERSION = YES;
				CLANG_WARN_DEPRECATED_OBJC_IMPLEMENTATIONS = YES;
				CLANG_WARN_DIRECT_OBJC_ISA_USAGE = YES_ERROR;
				CLANG_WARN_DOCUMENTATION_COMMENTS = YES;
				CLANG_WARN_EMPTY_BODY = YES;
				CLANG_WARN_ENUM_CONVERSION = YES;
				CLANG_WARN_INFINITE_RECURSION = YES;
				CLANG_WARN_INT_CONVERSION = YES;
				CLANG_WARN_NON_LITERAL_NULL_CONVERSION = YES;
				CLANG_WARN_OBJC_IMPLICIT_RETAIN_SELF = YES;
				CLANG_WARN_OBJC_LITERAL_CONVERSION = YES;
				CLANG_WARN_OBJC_ROOT_CLASS = YES_ERROR;
				CLANG_WARN_RANGE_LOOP_ANALYSIS = YES;
				CLANG_WARN_STRICT_PROTOTYPES = YES;
				CLANG_WARN_SUSPICIOUS_MOVE = YES;
				CLANG_WARN_UNGUARDED_AVAILABILITY = YES_AGGRESSIVE;
				CLANG_WARN_UNREACHABLE_CODE = YES;
				CLANG_WARN__DUPLICATE_METHOD_MATCH = YES;
				CODE_SIGN_IDENTITY = "iPhone Developer";
				COPY_PHASE_STRIP = NO;
				DEBUG_INFORMATION_FORMAT = "dwarf-with-dsym";
				ENABLE_NS_ASSERTIONS = NO;
				ENABLE_STRICT_OBJC_MSGSEND = YES;
				GCC_C_LANGUAGE_STANDARD = gnu11;
				GCC_NO_COMMON_BLOCKS = YES;
				GCC_WARN_64_TO_32_BIT_CONVERSION = YES;
				GCC_WARN_ABOUT_RETURN_TYPE = YES_ERROR;
				GCC_WARN_UNDECLARED_SELECTOR = YES;
				GCC_WARN_UNINITIALIZED_AUTOS = YES_AGGRESSIVE;
				GCC_WARN_UNUSED_FUNCTION = YES;
				GCC_WARN_UNUSED_VARIABLE = YES;
				IPHONEOS_DEPLOYMENT_TARGET = 11.3;
				MTL_ENABLE_DEBUG_INFO = NO;
				SDKROOT = iphoneos;
				VALIDATE_PRODUCT = YES;
			};
			name = Release;
		};
		57F854E2207C4E2700E65CF7 /* Debug */ = {
			isa = XCBuildConfiguration;
			buildSettings = {
				ASSETCATALOG_COMPILER_APPICON_NAME = AppIcon;
				CODE_SIGN_STYLE = Automatic;
				INFOPLIST_FILE = "Animated Icon/Info.plist";
				LD_RUNPATH_SEARCH_PATHS = (
					"$(inherited)",
					"@executable_path/Frameworks",
				);
				PRODUCT_BUNDLE_IDENTIFIER = "tv.hi-global.Animated-Icon";
				PRODUCT_NAME = "$(TARGET_NAME)";
				TARGETED_DEVICE_FAMILY = "1,2";
			};
			name = Debug;
		};
		57F854E3207C4E2700E65CF7 /* Release */ = {
			isa = XCBuildConfiguration;
			buildSettings = {
				ASSETCATALOG_COMPILER_APPICON_NAME = AppIcon;
				CODE_SIGN_STYLE = Automatic;
				INFOPLIST_FILE = "Animated Icon/Info.plist";
				LD_RUNPATH_SEARCH_PATHS = (
					"$(inherited)",
					"@executable_path/Frameworks",
				);
				PRODUCT_BUNDLE_IDENTIFIER = "tv.hi-global.Animated-Icon";
				PRODUCT_NAME = "$(TARGET_NAME)";
				TARGETED_DEVICE_FAMILY = "1,2";
			};
			name = Release;
		};
/* End XCBuildConfiguration section */

/* Begin XCConfigurationList section */
		57F854C6207C4E2400E65CF7 /* Build configuration list for PBXProject "Animated Icon" */ = {
			isa = XCConfigurationList;
			buildConfigurations = (
				57F854DF207C4E2700E65CF7 /* Debug */,
				57F854E0207C4E2700E65CF7 /* Release */,
			);
			defaultConfigurationIsVisible = 0;
			defaultConfigurationName = Release;
		};
		57F854E1207C4E2700E65CF7 /* Build configuration list for PBXNativeTarget "Animated Icon" */ = {
			isa = XCConfigurationList;
			buildConfigurations = (
				57F854E2207C4E2700E65CF7 /* Debug */,
				57F854E3207C4E2700E65CF7 /* Release */,
			);
			defaultConfigurationIsVisible = 0;
			defaultConfigurationName = Release;
		};
/* End XCConfigurationList section */
	};
	rootObject = 57F854C3207C4E2400E65CF7 /* Project object */;
}
